// !$*UTF8*$!
{
	archiveVersion = 1;
	classes = {
	};
	objectVersion = 56;
	objects = {

/* Begin PBXBuildFile section */
		A41AFF192A0A3B6B00623D39 /* WeatherModel.swift in Sources */ = {isa = PBXBuildFile; fileRef = A41AFF182A0A3B6B00623D39 /* WeatherModel.swift */; };
		A41AFF1B2A0A57E900623D39 /* Weather_Model.swift in Sources */ = {isa = PBXBuildFile; fileRef = A41AFF1A2A0A57E900623D39 /* Weather_Model.swift */; };
		A44DF70A2A08CD93000BBB43 /* AppDelegate.swift in Sources */ = {isa = PBXBuildFile; fileRef = A44DF7092A08CD93000BBB43 /* AppDelegate.swift */; };
		A44DF70C2A08CD93000BBB43 /* SceneDelegate.swift in Sources */ = {isa = PBXBuildFile; fileRef = A44DF70B2A08CD93000BBB43 /* SceneDelegate.swift */; };
		A44DF70E2A08CD93000BBB43 /* ViewController.swift in Sources */ = {isa = PBXBuildFile; fileRef = A44DF70D2A08CD93000BBB43 /* ViewController.swift */; };
		A44DF7112A08CD93000BBB43 /* Main.storyboard in Resources */ = {isa = PBXBuildFile; fileRef = A44DF70F2A08CD93000BBB43 /* Main.storyboard */; };
		A44DF7132A08CD94000BBB43 /* Assets.xcassets in Resources */ = {isa = PBXBuildFile; fileRef = A44DF7122A08CD94000BBB43 /* Assets.xcassets */; };
		A44DF7162A08CD94000BBB43 /* LaunchScreen.storyboard in Resources */ = {isa = PBXBuildFile; fileRef = A44DF7142A08CD94000BBB43 /* LaunchScreen.storyboard */; };
		A44DF71E2A08CEF4000BBB43 /* DetayTableViewCell.swift in Sources */ = {isa = PBXBuildFile; fileRef = A44DF71D2A08CEF4000BBB43 /* DetayTableViewCell.swift */; };
		A44DF7202A08CF20000BBB43 /* DetayViewController.swift in Sources */ = {isa = PBXBuildFile; fileRef = A44DF71F2A08CF20000BBB43 /* DetayViewController.swift */; };
		A44DF72A2A08E08B000BBB43 /* Alamofire in Frameworks */ = {isa = PBXBuildFile; productRef = A44DF7292A08E08B000BBB43 /* Alamofire */; };
		A44DF72F2A08E4E5000BBB43 /* WeatherProvider.swift in Sources */ = {isa = PBXBuildFile; fileRef = A44DF72E2A08E4E5000BBB43 /* WeatherProvider.swift */; };
/* End PBXBuildFile section */

/* Begin PBXFileReference section */
		A41AFF182A0A3B6B00623D39 /* WeatherModel.swift */ = {isa = PBXFileReference; lastKnownFileType = sourcecode.swift; path = WeatherModel.swift; sourceTree = "<group>"; };
		A41AFF1A2A0A57E900623D39 /* Weather_Model.swift */ = {isa = PBXFileReference; lastKnownFileType = sourcecode.swift; path = Weather_Model.swift; sourceTree = "<group>"; };
		A44DF7062A08CD93000BBB43 /* WeatherProject.app */ = {isa = PBXFileReference; explicitFileType = wrapper.application; includeInIndex = 0; path = WeatherProject.app; sourceTree = BUILT_PRODUCTS_DIR; };
		A44DF7092A08CD93000BBB43 /* AppDelegate.swift */ = {isa = PBXFileReference; lastKnownFileType = sourcecode.swift; path = AppDelegate.swift; sourceTree = "<group>"; };
		A44DF70B2A08CD93000BBB43 /* SceneDelegate.swift */ = {isa = PBXFileReference; lastKnownFileType = sourcecode.swift; path = SceneDelegate.swift; sourceTree = "<group>"; };
		A44DF70D2A08CD93000BBB43 /* ViewController.swift */ = {isa = PBXFileReference; lastKnownFileType = sourcecode.swift; path = ViewController.swift; sourceTree = "<group>"; };
		A44DF7102A08CD93000BBB43 /* Base */ = {isa = PBXFileReference; lastKnownFileType = file.storyboard; name = Base; path = Base.lproj/Main.storyboard; sourceTree = "<group>"; };
		A44DF7122A08CD94000BBB43 /* Assets.xcassets */ = {isa = PBXFileReference; lastKnownFileType = folder.assetcatalog; path = Assets.xcassets; sourceTree = "<group>"; };
		A44DF7152A08CD94000BBB43 /* Base */ = {isa = PBXFileReference; lastKnownFileType = file.storyboard; name = Base; path = Base.lproj/LaunchScreen.storyboard; sourceTree = "<group>"; };
		A44DF7172A08CD94000BBB43 /* Info.plist */ = {isa = PBXFileReference; lastKnownFileType = text.plist.xml; path = Info.plist; sourceTree = "<group>"; };
		A44DF71D2A08CEF4000BBB43 /* DetayTableViewCell.swift */ = {isa = PBXFileReference; lastKnownFileType = sourcecode.swift; path = DetayTableViewCell.swift; sourceTree = "<group>"; };
		A44DF71F2A08CF20000BBB43 /* DetayViewController.swift */ = {isa = PBXFileReference; lastKnownFileType = sourcecode.swift; path = DetayViewController.swift; sourceTree = "<group>"; };
		A44DF72E2A08E4E5000BBB43 /* WeatherProvider.swift */ = {isa = PBXFileReference; lastKnownFileType = sourcecode.swift; path = WeatherProvider.swift; sourceTree = "<group>"; };
/* End PBXFileReference section */

/* Begin PBXFrameworksBuildPhase section */
		A44DF7032A08CD93000BBB43 /* Frameworks */ = {
			isa = PBXFrameworksBuildPhase;
			buildActionMask = 2147483647;
			files = (
				A44DF72A2A08E08B000BBB43 /* Alamofire in Frameworks */,
			);
			runOnlyForDeploymentPostprocessing = 0;
		};
/* End PBXFrameworksBuildPhase section */

/* Begin PBXGroup section */
		A44DF6FD2A08CD93000BBB43 = {
			isa = PBXGroup;
			children = (
				A44DF7082A08CD93000BBB43 /* WeatherProject */,
				A44DF7072A08CD93000BBB43 /* Products */,
			);
			sourceTree = "<group>";
		};
		A44DF7072A08CD93000BBB43 /* Products */ = {
			isa = PBXGroup;
			children = (
				A44DF7062A08CD93000BBB43 /* WeatherProject.app */,
			);
			name = Products;
			sourceTree = "<group>";
		};
		A44DF7082A08CD93000BBB43 /* WeatherProject */ = {
			isa = PBXGroup;
			children = (
				A44DF7092A08CD93000BBB43 /* AppDelegate.swift */,
				A44DF70B2A08CD93000BBB43 /* SceneDelegate.swift */,
				A44DF72D2A08E4BA000BBB43 /* Helpers */,
				A44DF7252A08D830000BBB43 /* ViewModel */,
				A44DF7242A08D82B000BBB43 /* View */,
				A44DF7232A08D826000BBB43 /* Model */,
				A44DF70F2A08CD93000BBB43 /* Main.storyboard */,
				A44DF7122A08CD94000BBB43 /* Assets.xcassets */,
				A44DF7142A08CD94000BBB43 /* LaunchScreen.storyboard */,
				A44DF7172A08CD94000BBB43 /* Info.plist */,
			);
			path = WeatherProject;
			sourceTree = "<group>";
		};
		A44DF7232A08D826000BBB43 /* Model */ = {
			isa = PBXGroup;
			children = (
				A41AFF182A0A3B6B00623D39 /* WeatherModel.swift */,
				A41AFF1A2A0A57E900623D39 /* Weather_Model.swift */,
			);
			path = Model;
			sourceTree = "<group>";
		};
		A44DF7242A08D82B000BBB43 /* View */ = {
			isa = PBXGroup;
			children = (
				A44DF71D2A08CEF4000BBB43 /* DetayTableViewCell.swift */,
				A44DF71F2A08CF20000BBB43 /* DetayViewController.swift */,
				A44DF70D2A08CD93000BBB43 /* ViewController.swift */,
			);
			path = View;
			sourceTree = "<group>";
		};
		A44DF7252A08D830000BBB43 /* ViewModel */ = {
			isa = PBXGroup;
			children = (
			);
			path = ViewModel;
			sourceTree = "<group>";
		};
		A44DF72D2A08E4BA000BBB43 /* Helpers */ = {
			isa = PBXGroup;
			children = (
				A44DF72E2A08E4E5000BBB43 /* WeatherProvider.swift */,
			);
			path = Helpers;
			sourceTree = "<group>";
		};
/* End PBXGroup section */

/* Begin PBXNativeTarget section */
		A44DF7052A08CD93000BBB43 /* WeatherProject */ = {
			isa = PBXNativeTarget;
			buildConfigurationList = A44DF71A2A08CD94000BBB43 /* Build configuration list for PBXNativeTarget "WeatherProject" */;
			buildPhases = (
				A44DF7022A08CD93000BBB43 /* Sources */,
				A44DF7032A08CD93000BBB43 /* Frameworks */,
				A44DF7042A08CD93000BBB43 /* Resources */,
			);
			buildRules = (
			);
			dependencies = (
			);
			name = WeatherProject;
			packageProductDependencies = (
				A44DF7292A08E08B000BBB43 /* Alamofire */,
			);
			productName = WeatherProject;
			productReference = A44DF7062A08CD93000BBB43 /* WeatherProject.app */;
			productType = "com.apple.product-type.application";
		};
/* End PBXNativeTarget section */

/* Begin PBXProject section */
		A44DF6FE2A08CD93000BBB43 /* Project object */ = {
			isa = PBXProject;
			attributes = {
				BuildIndependentTargetsInParallel = 1;
				LastSwiftUpdateCheck = 1420;
				LastUpgradeCheck = 1420;
				TargetAttributes = {
					A44DF7052A08CD93000BBB43 = {
						CreatedOnToolsVersion = 14.2;
					};
				};
			};
			buildConfigurationList = A44DF7012A08CD93000BBB43 /* Build configuration list for PBXProject "WeatherProject" */;
			compatibilityVersion = "Xcode 14.0";
			developmentRegion = en;
			hasScannedForEncodings = 0;
			knownRegions = (
				en,
				Base,
			);
			mainGroup = A44DF6FD2A08CD93000BBB43;
			packageReferences = (
				A44DF7282A08E08B000BBB43 /* XCRemoteSwiftPackageReference "Alamofire" */,
			);
			productRefGroup = A44DF7072A08CD93000BBB43 /* Products */;
			projectDirPath = "";
			projectRoot = "";
			targets = (
				A44DF7052A08CD93000BBB43 /* WeatherProject */,
			);
		};
/* End PBXProject section */

/* Begin PBXResourcesBuildPhase section */
		A44DF7042A08CD93000BBB43 /* Resources */ = {
			isa = PBXResourcesBuildPhase;
			buildActionMask = 2147483647;
			files = (
				A44DF7162A08CD94000BBB43 /* LaunchScreen.storyboard in Resources */,
				A44DF7132A08CD94000BBB43 /* Assets.xcassets in Resources */,
				A44DF7112A08CD93000BBB43 /* Main.storyboard in Resources */,
			);
			runOnlyForDeploymentPostprocessing = 0;
		};
/* End PBXResourcesBuildPhase section */

/* Begin PBXSourcesBuildPhase section */
		A44DF7022A08CD93000BBB43 /* Sources */ = {
			isa = PBXSourcesBuildPhase;
			buildActionMask = 2147483647;
			files = (
				A44DF70E2A08CD93000BBB43 /* ViewController.swift in Sources */,
				A44DF71E2A08CEF4000BBB43 /* DetayTableViewCell.swift in Sources */,
				A41AFF192A0A3B6B00623D39 /* WeatherModel.swift in Sources */,
				A44DF72F2A08E4E5000BBB43 /* WeatherProvider.swift in Sources */,
				A44DF70A2A08CD93000BBB43 /* AppDelegate.swift in Sources */,
				A44DF7202A08CF20000BBB43 /* DetayViewController.swift in Sources */,
				A41AFF1B2A0A57E900623D39 /* Weather_Model.swift in Sources */,
				A44DF70C2A08CD93000BBB43 /* SceneDelegate.swift in Sources */,
			);
			runOnlyForDeploymentPostprocessing = 0;
		};
/* End PBXSourcesBuildPhase section */

/* Begin PBXVariantGroup section */
		A44DF70F2A08CD93000BBB43 /* Main.storyboard */ = {
			isa = PBXVariantGroup;
			children = (
				A44DF7102A08CD93000BBB43 /* Base */,
			);
			name = Main.storyboard;
			sourceTree = "<group>";
		};
		A44DF7142A08CD94000BBB43 /* LaunchScreen.storyboard */ = {
			isa = PBXVariantGroup;
			children = (
				A44DF7152A08CD94000BBB43 /* Base */,
			);
			name = LaunchScreen.storyboard;
			sourceTree = "<group>";
		};
/* End PBXVariantGroup section */

/* Begin XCBuildConfiguration section */
		A44DF7182A08CD94000BBB43 /* Debug */ = {
			isa = XCBuildConfiguration;
			buildSettings = {
				ALWAYS_SEARCH_USER_PATHS = NO;
				CLANG_ANALYZER_NONNULL = YES;
				CLANG_ANALYZER_NUMBER_OBJECT_CONVERSION = YES_AGGRESSIVE;
				CLANG_CXX_LANGUAGE_STANDARD = "gnu++20";
				CLANG_ENABLE_MODULES = YES;
				CLANG_ENABLE_OBJC_ARC = YES;
				CLANG_ENABLE_OBJC_WEAK = YES;
				CLANG_WARN_BLOCK_CAPTURE_AUTORELEASING = YES;
				CLANG_WARN_BOOL_CONVERSION = YES;
				CLANG_WARN_COMMA = YES;
				CLANG_WARN_CONSTANT_CONVERSION = YES;
				CLANG_WARN_DEPRECATED_OBJC_IMPLEMENTATIONS = YES;
				CLANG_WARN_DIRECT_OBJC_ISA_USAGE = YES_ERROR;
				CLANG_WARN_DOCUMENTATION_COMMENTS = YES;
				CLANG_WARN_EMPTY_BODY = YES;
				CLANG_WARN_ENUM_CONVERSION = YES;
				CLANG_WARN_INFINITE_RECURSION = YES;
				CLANG_WARN_INT_CONVERSION = YES;
				CLANG_WARN_NON_LITERAL_NULL_CONVERSION = YES;
				CLANG_WARN_OBJC_IMPLICIT_RETAIN_SELF = YES;
				CLANG_WARN_OBJC_LITERAL_CONVERSION = YES;
				CLANG_WARN_OBJC_ROOT_CLASS = YES_ERROR;
				CLANG_WARN_QUOTED_INCLUDE_IN_FRAMEWORK_HEADER = YES;
				CLANG_WARN_RANGE_LOOP_ANALYSIS = YES;
				CLANG_WARN_STRICT_PROTOTYPES = YES;
				CLANG_WARN_SUSPICIOUS_MOVE = YES;
				CLANG_WARN_UNGUARDED_AVAILABILITY = YES_AGGRESSIVE;
				CLANG_WARN_UNREACHABLE_CODE = YES;
				CLANG_WARN__DUPLICATE_METHOD_MATCH = YES;
				COPY_PHASE_STRIP = NO;
				DEBUG_INFORMATION_FORMAT = dwarf;
				ENABLE_STRICT_OBJC_MSGSEND = YES;
				ENABLE_TESTABILITY = YES;
				GCC_C_LANGUAGE_STANDARD = gnu11;
				GCC_DYNAMIC_NO_PIC = NO;
				GCC_NO_COMMON_BLOCKS = YES;
				GCC_OPTIMIZATION_LEVEL = 0;
				GCC_PREPROCESSOR_DEFINITIONS = (
					"DEBUG=1",
					"$(inherited)",
				);
				GCC_WARN_64_TO_32_BIT_CONVERSION = YES;
				GCC_WARN_ABOUT_RETURN_TYPE = YES_ERROR;
				GCC_WARN_UNDECLARED_SELECTOR = YES;
				GCC_WARN_UNINITIALIZED_AUTOS = YES_AGGRESSIVE;
				GCC_WARN_UNUSED_FUNCTION = YES;
				GCC_WARN_UNUSED_VARIABLE = YES;
				IPHONEOS_DEPLOYMENT_TARGET = 16.2;
				MTL_ENABLE_DEBUG_INFO = INCLUDE_SOURCE;
				MTL_FAST_MATH = YES;
				ONLY_ACTIVE_ARCH = YES;
				SDKROOT = iphoneos;
				SWIFT_ACTIVE_COMPILATION_CONDITIONS = DEBUG;
				SWIFT_OPTIMIZATION_LEVEL = "-Onone";
			};
			name = Debug;
		};
		A44DF7192A08CD94000BBB43 /* Release */ = {
			isa = XCBuildConfiguration;
			buildSettings = {
				ALWAYS_SEARCH_USER_PATHS = NO;
				CLANG_ANALYZER_NONNULL = YES;
				CLANG_ANALYZER_NUMBER_OBJECT_CONVERSION = YES_AGGRESSIVE;
				CLANG_CXX_LANGUAGE_STANDARD = "gnu++20";
				CLANG_ENABLE_MODULES = YES;
				CLANG_ENABLE_OBJC_ARC = YES;
				CLANG_ENABLE_OBJC_WEAK = YES;
				CLANG_WARN_BLOCK_CAPTURE_AUTORELEASING = YES;
				CLANG_WARN_BOOL_CONVERSION = YES;
				CLANG_WARN_COMMA = YES;
				CLANG_WARN_CONSTANT_CONVERSION = YES;
				CLANG_WARN_DEPRECATED_OBJC_IMPLEMENTATIONS = YES;
				CLANG_WARN_DIRECT_OBJC_ISA_USAGE = YES_ERROR;
				CLANG_WARN_DOCUMENTATION_COMMENTS = YES;
				CLANG_WARN_EMPTY_BODY = YES;
				CLANG_WARN_ENUM_CONVERSION = YES;
				CLANG_WARN_INFINITE_RECURSION = YES;
				CLANG_WARN_INT_CONVERSION = YES;
				CLANG_WARN_NON_LITERAL_NULL_CONVERSION = YES;
				CLANG_WARN_OBJC_IMPLICIT_RETAIN_SELF = YES;
				CLANG_WARN_OBJC_LITERAL_CONVERSION = YES;
				CLANG_WARN_OBJC_ROOT_CLASS = YES_ERROR;
				CLANG_WARN_QUOTED_INCLUDE_IN_FRAMEWORK_HEADER = YES;
				CLANG_WARN_RANGE_LOOP_ANALYSIS = YES;
				CLANG_WARN_STRICT_PROTOTYPES = YES;
				CLANG_WARN_SUSPICIOUS_MOVE = YES;
				CLANG_WARN_UNGUARDED_AVAILABILITY = YES_AGGRESSIVE;
				CLANG_WARN_UNREACHABLE_CODE = YES;
				CLANG_WARN__DUPLICATE_METHOD_MATCH = YES;
				COPY_PHASE_STRIP = NO;
				DEBUG_INFORMATION_FORMAT = "dwarf-with-dsym";
				ENABLE_NS_ASSERTIONS = NO;
				ENABLE_STRICT_OBJC_MSGSEND = YES;
				GCC_C_LANGUAGE_STANDARD = gnu11;
				GCC_NO_COMMON_BLOCKS = YES;
				GCC_WARN_64_TO_32_BIT_CONVERSION = YES;
				GCC_WARN_ABOUT_RETURN_TYPE = YES_ERROR;
				GCC_WARN_UNDECLARED_SELECTOR = YES;
				GCC_WARN_UNINITIALIZED_AUTOS = YES_AGGRESSIVE;
				GCC_WARN_UNUSED_FUNCTION = YES;
				GCC_WARN_UNUSED_VARIABLE = YES;
				IPHONEOS_DEPLOYMENT_TARGET = 16.2;
				MTL_ENABLE_DEBUG_INFO = NO;
				MTL_FAST_MATH = YES;
				SDKROOT = iphoneos;
				SWIFT_COMPILATION_MODE = wholemodule;
				SWIFT_OPTIMIZATION_LEVEL = "-O";
				VALIDATE_PRODUCT = YES;
			};
			name = Release;
		};
		A44DF71B2A08CD94000BBB43 /* Debug */ = {
			isa = XCBuildConfiguration;
			buildSettings = {
				ASSETCATALOG_COMPILER_APPICON_NAME = AppIcon;
				ASSETCATALOG_COMPILER_GLOBAL_ACCENT_COLOR_NAME = AccentColor;
				CODE_SIGN_STYLE = Automatic;
				CURRENT_PROJECT_VERSION = 1;
				DEVELOPMENT_TEAM = NF9R7KNMC7;
				GENERATE_INFOPLIST_FILE = YES;
				INFOPLIST_FILE = WeatherProject/Info.plist;
				INFOPLIST_KEY_NSLocationWhenInUseUsageDescription = "Konum Kullanılsın MI";
				INFOPLIST_KEY_UIApplicationSupportsIndirectInputEvents = YES;
				INFOPLIST_KEY_UILaunchStoryboardName = LaunchScreen;
				INFOPLIST_KEY_UIMainStoryboardFile = Main;
				INFOPLIST_KEY_UISupportedInterfaceOrientations_iPad = "UIInterfaceOrientationPortrait UIInterfaceOrientationPortraitUpsideDown UIInterfaceOrientationLandscapeLeft UIInterfaceOrientationLandscapeRight";
				INFOPLIST_KEY_UISupportedInterfaceOrientations_iPhone = "UIInterfaceOrientationPortrait UIInterfaceOrientationLandscapeLeft UIInterfaceOrientationLandscapeRight";
				LD_RUNPATH_SEARCH_PATHS = (
					"$(inherited)",
					"@executable_path/Frameworks",
				);
				MARKETING_VERSION = 1.0;
				PRODUCT_BUNDLE_IDENTIFIER = com.eyuphanakkaya.WeatherProject;
				PRODUCT_NAME = "$(TARGET_NAME)";
				SWIFT_EMIT_LOC_STRINGS = YES;
				SWIFT_VERSION = 5.0;
				TARGETED_DEVICE_FAMILY = "1,2";
			};
			name = Debug;
		};
		A44DF71C2A08CD94000BBB43 /* Release */ = {
			isa = XCBuildConfiguration;
			buildSettings = {
				ASSETCATALOG_COMPILER_APPICON_NAME = AppIcon;
				ASSETCATALOG_COMPILER_GLOBAL_ACCENT_COLOR_NAME = AccentColor;
				CODE_SIGN_STYLE = Automatic;
				CURRENT_PROJECT_VERSION = 1;
				DEVELOPMENT_TEAM = NF9R7KNMC7;
				GENERATE_INFOPLIST_FILE = YES;
				INFOPLIST_FILE = WeatherProject/Info.plist;
				INFOPLIST_KEY_NSLocationWhenInUseUsageDescription = "Konum Kullanılsın MI";
				INFOPLIST_KEY_UIApplicationSupportsIndirectInputEvents = YES;
				INFOPLIST_KEY_UILaunchStoryboardName = LaunchScreen;
				INFOPLIST_KEY_UIMainStoryboardFile = Main;
				INFOPLIST_KEY_UISupportedInterfaceOrientations_iPad = "UIInterfaceOrientationPortrait UIInterfaceOrientationPortraitUpsideDown UIInterfaceOrientationLandscapeLeft UIInterfaceOrientationLandscapeRight";
				INFOPLIST_KEY_UISupportedInterfaceOrientations_iPhone = "UIInterfaceOrientationPortrait UIInterfaceOrientationLandscapeLeft UIInterfaceOrientationLandscapeRight";
				LD_RUNPATH_SEARCH_PATHS = (
					"$(inherited)",
					"@executable_path/Frameworks",
				);
				MARKETING_VERSION = 1.0;
				PRODUCT_BUNDLE_IDENTIFIER = com.eyuphanakkaya.WeatherProject;
				PRODUCT_NAME = "$(TARGET_NAME)";
				SWIFT_EMIT_LOC_STRINGS = YES;
				SWIFT_VERSION = 5.0;
				TARGETED_DEVICE_FAMILY = "1,2";
			};
			name = Release;
		};
/* End XCBuildConfiguration section */

/* Begin XCConfigurationList section */
		A44DF7012A08CD93000BBB43 /* Build configuration list for PBXProject "WeatherProject" */ = {
			isa = XCConfigurationList;
			buildConfigurations = (
				A44DF7182A08CD94000BBB43 /* Debug */,
				A44DF7192A08CD94000BBB43 /* Release */,
			);
			defaultConfigurationIsVisible = 0;
			defaultConfigurationName = Release;
		};
		A44DF71A2A08CD94000BBB43 /* Build configuration list for PBXNativeTarget "WeatherProject" */ = {
			isa = XCConfigurationList;
			buildConfigurations = (
				A44DF71B2A08CD94000BBB43 /* Debug */,
				A44DF71C2A08CD94000BBB43 /* Release */,
			);
			defaultConfigurationIsVisible = 0;
			defaultConfigurationName = Release;
		};
/* End XCConfigurationList section */

/* Begin XCRemoteSwiftPackageReference section */
		A44DF7282A08E08B000BBB43 /* XCRemoteSwiftPackageReference "Alamofire" */ = {
			isa = XCRemoteSwiftPackageReference;
			repositoryURL = "https://github.com/Alamofire/Alamofire.git";
			requirement = {
				kind = upToNextMajorVersion;
				minimumVersion = 5.0.0;
			};
		};
/* End XCRemoteSwiftPackageReference section */

/* Begin XCSwiftPackageProductDependency section */
		A44DF7292A08E08B000BBB43 /* Alamofire */ = {
			isa = XCSwiftPackageProductDependency;
			package = A44DF7282A08E08B000BBB43 /* XCRemoteSwiftPackageReference "Alamofire" */;
			productName = Alamofire;
		};
/* End XCSwiftPackageProductDependency section */
	};
	rootObject = A44DF6FE2A08CD93000BBB43 /* Project object */;
}
